
Microsoft Visual Studio Solution File, Format Version 12.00
# Visual Studio Version 17
VisualStudioVersion = 17.11.35312.102
MinimumVisualStudioVersion = 10.0.40219.1
Project("{FAE04EC0-301F-11D3-BF4B-00C04F79EFBC}") = "CrudDapper", "CrudDapper\CrudDapper.csproj", "{4447F560-6914-4588-BCA9-74A921CFC33A}"
EndProject
Global
	GlobalSection(SolutionConfigurationPlatforms) = preSolution
		Debug|Any CPU = Debug|Any CPU
		Release|Any CPU = Release|Any CPU
	EndGlobalSection
	GlobalSection(ProjectConfigurationPlatforms) = postSolution
		{4447F560-6914-4588-BCA9-74A921CFC33A}.Debug|Any CPU.ActiveCfg = Debug|Any CPU
		{4447F560-6914-4588-BCA9-74A921CFC33A}.Debug|Any CPU.Build.0 = Debug|Any CPU
		{4447F560-6914-4588-BCA9-74A921CFC33A}.Release|Any CPU.ActiveCfg = Release|Any CPU
		{4447F560-6914-4588-BCA9-74A921CFC33A}.Release|Any CPU.Build.0 = Release|Any CPU
	EndGlobalSection
	GlobalSection(SolutionProperties) = preSolution
		HideSolutionNode = FALSE
	EndGlobalSection
	GlobalSection(ExtensibilityGlobals) = postSolution
		SolutionGuid = {1CDB41D1-FD17-4BD8-B71C-D836C0445DCE}
	EndGlobalSection
EndGlobal
